
Microsoft Visual Studio Solution File, Format Version 12.00
# Visual Studio 15
VisualStudioVersion = 15.0.28307.168
MinimumVisualStudioVersion = 10.0.40219.1
Project("{FAE04EC0-301F-11D3-BF4B-00C04F79EFBC}") = "AreasLib", "AreasLib\AreasLib.csproj", "{31BFB2A6-BFE9-4CCB-BDEF-FA2ADF11BB98}"
EndProject
Project("{FAE04EC0-301F-11D3-BF4B-00C04F79EFBC}") = "AreasTest", "AreasTest\AreasTest.csproj", "{825AEBE2-E54F-4E61-860B-8FA2AEC1A51A}"
EndProject
Project("{FAE04EC0-301F-11D3-BF4B-00C04F79EFBC}") = "SQL", "SQL\SQL.csproj", "{2B91AF10-C151-4DC1-B256-6C9CB3B1429F}"
EndProject
Global
	GlobalSection(SolutionConfigurationPlatforms) = preSolution
		Debug|Any CPU = Debug|Any CPU
		Release|Any CPU = Release|Any CPU
	EndGlobalSection
	GlobalSection(ProjectConfigurationPlatforms) = postSolution
		{31BFB2A6-BFE9-4CCB-BDEF-FA2ADF11BB98}.Debug|Any CPU.ActiveCfg = Debug|Any CPU
		{31BFB2A6-BFE9-4CCB-BDEF-FA2ADF11BB98}.Debug|Any CPU.Build.0 = Debug|Any CPU
		{31BFB2A6-BFE9-4CCB-BDEF-FA2ADF11BB98}.Release|Any CPU.ActiveCfg = Release|Any CPU
		{31BFB2A6-BFE9-4CCB-BDEF-FA2ADF11BB98}.Release|Any CPU.Build.0 = Release|Any CPU
		{825AEBE2-E54F-4E61-860B-8FA2AEC1A51A}.Debug|Any CPU.ActiveCfg = Debug|Any CPU
		{825AEBE2-E54F-4E61-860B-8FA2AEC1A51A}.Debug|Any CPU.Build.0 = Debug|Any CPU
		{825AEBE2-E54F-4E61-860B-8FA2AEC1A51A}.Release|Any CPU.ActiveCfg = Release|Any CPU
		{825AEBE2-E54F-4E61-860B-8FA2AEC1A51A}.Release|Any CPU.Build.0 = Release|Any CPU
		{2B91AF10-C151-4DC1-B256-6C9CB3B1429F}.Debug|Any CPU.ActiveCfg = Debug|Any CPU
		{2B91AF10-C151-4DC1-B256-6C9CB3B1429F}.Debug|Any CPU.Build.0 = Debug|Any CPU
		{2B91AF10-C151-4DC1-B256-6C9CB3B1429F}.Release|Any CPU.ActiveCfg = Release|Any CPU
		{2B91AF10-C151-4DC1-B256-6C9CB3B1429F}.Release|Any CPU.Build.0 = Release|Any CPU
	EndGlobalSection
	GlobalSection(SolutionProperties) = preSolution
		HideSolutionNode = FALSE
	EndGlobalSection
	GlobalSection(ExtensibilityGlobals) = postSolution
		SolutionGuid = {4D436F10-CFC5-429C-BCD8-E305A2EC8B66}
	EndGlobalSection
EndGlobal
